# This file is automatically @generated by Cargo.
# It is not intended for manual editing.
version = 3

[[package]]
name = "lazy_static"
version = "1.4.0"
source = "registry+https://github.com/rust-lang/crates.io-index"
checksum = "e2abad23fbc42b3700f2f279844dc832adb2b2eb069b2df918f455c4e18cc646"

[[package]]
name = "libc"
version = "0.2.144"
source = "registry+https://github.com/rust-lang/crates.io-index"
checksum = "2b00cc1c228a6782d0f076e7b232802e0c5689d41bb5df366f2a6b6621cfdfe1"

[[package]]
name = "power-of-two"
version = "0.1.0"
source = "registry+https://github.com/rust-lang/crates.io-index"
checksum = "347f97d9fd0cadc809e3429ea795c7f174ef449347b5aec3084b1d08eb917aa0"
dependencies = [
 "power-of-two-impl",
 "proc-macro-hack",
]

[[package]]
name = "power-of-two-impl"
version = "0.1.0"
source = "registry+https://github.com/rust-lang/crates.io-index"
checksum = "b531eb0f5cf5faf651332321e484919d9b2752fa1cc58f076b0d45b6dc08db95"
dependencies = [
 "proc-macro-hack",
 "proc-macro2",
 "quote",
 "syn",
]

[[package]]
name = "proc-macro-hack"
version = "0.5.20+deprecated"
source = "registry+https://github.com/rust-lang/crates.io-index"
checksum = "dc375e1527247fe1a97d8b7156678dfe7c1af2fc075c9a4db3690ecd2a148068"

[[package]]
name = "proc-macro2"
version = "1.0.56"
source = "registry+https://github.com/rust-lang/crates.io-index"
checksum = "2b63bdb0cd06f1f4dedf69b254734f9b45af66e4a031e42a7480257d9898b435"
dependencies = [
 "unicode-ident",
]

[[package]]
name = "quote"
version = "1.0.27"
source = "registry+https://github.com/rust-lang/crates.io-index"
checksum = "8f4f29d145265ec1c483c7c654450edde0bfe043d3938d6972630663356d9500"
dependencies = [
 "proc-macro2",
]

[[package]]
name = "rppal"
version = "0.14.1"
source = "registry+https://github.com/rust-lang/crates.io-index"
checksum = "612e1a22e21f08a246657c6433fe52b773ae43d07c9ef88ccfc433cc8683caba"
dependencies = [
 "libc",
]

[[package]]
name = "syn"
version = "1.0.109"
source = "registry+https://github.com/rust-lang/crates.io-index"
checksum = "72b64191b275b66ffe2469e8af2c1cfe3bafa67b529ead792a6d0160888b4237"
dependencies = [
 "proc-macro2",
 "quote",
 "unicode-ident",
]

[[package]]
name = "thermal-camera"
version = "0.1.0"
dependencies = [
 "lazy_static",
 "power-of-two",
 "rppal",
]

[[package]]
name = "unicode-ident"
version = "1.0.8"
source = "registry+https://github.com/rust-lang/crates.io-index"
checksum = "e5464a87b239f13a63a501f2701565754bae92d243d4bb7eb12f6d57d2269bf4"
